Microsoft Visual Studio Solution File, Format Version 11.00
# Visual Studio 16
Project("{FAE04EC0-301F-11D3-BF4B-00C04F79EFBC}") = "SimpleDockingApplication", "SimpleDockingApplication\SimpleDockingApplication.Net5.csproj", "{BD02E39B-6CBA-4EF3-BAB5-9747B9E28323}"
EndProject
Global
	GlobalSection(SolutionConfigurationPlatforms) = preSolution
		Debug|Any CPU = Debug|Any CPU
		Release|Any CPU = Release|Any CPU
	EndGlobalSection
	GlobalSection(ProjectConfigurationPlatforms) = postSolution
		{BD02E39B-6CBA-4EF3-BAB5-9747B9E28323}.Debug|Any CPU.ActiveCfg = Debug|Any CPU
		{BD02E39B-6CBA-4EF3-BAB5-9747B9E28323}.Debug|Any CPU.Build.0 = Debug|Any CPU
		{BD02E39B-6CBA-4EF3-BAB5-9747B9E28323}.Release|Any CPU.ActiveCfg = Release|Any CPU
		{BD02E39B-6CBA-4EF3-BAB5-9747B9E28323}.Release|Any CPU.Build.0 = Release|Any CPU
	EndGlobalSection
	GlobalSection(SolutionProperties) = preSolution
		HideSolutionNode = FALSE
	EndGlobalSection
EndGlobal
